
Microsoft Visual Studio Solution File, Format Version 12.00
# Visual Studio 15
VisualStudioVersion = 15.0.27703.2035
MinimumVisualStudioVersion = 10.0.40219.1
Project("{D2ABAB84-BF74-430A-B69E-9DC6D40DDA17}") = "Reseller Sales", "Reseller Sales\Reseller Sales.dwproj", "{AE4593E2-BE0C-4F36-A49E-D30E1A519B26}"
EndProject
Global
	GlobalSection(SolutionConfigurationPlatforms) = preSolution
		Development|Default = Development|Default
	EndGlobalSection
	GlobalSection(ProjectConfigurationPlatforms) = postSolution
		{AE4593E2-BE0C-4F36-A49E-D30E1A519B26}.Development|Default.ActiveCfg = Development
		{AE4593E2-BE0C-4F36-A49E-D30E1A519B26}.Development|Default.Build.0 = Development
		{AE4593E2-BE0C-4F36-A49E-D30E1A519B26}.Development|Default.Deploy.0 = Development
	EndGlobalSection
	GlobalSection(SolutionProperties) = preSolution
		HideSolutionNode = FALSE
	EndGlobalSection
	GlobalSection(ExtensibilityGlobals) = postSolution
		SolutionGuid = {085290CA-4A7A-471C-BA4E-9AC16F895F30}
	EndGlobalSection
EndGlobal
